
Microsoft Visual Studio Solution File, Format Version 12.00
# Visual Studio Version 16
VisualStudioVersion = 16.0.34031.81
MinimumVisualStudioVersion = 10.0.40219.1
Project("{2150E333-8FDC-42A3-9474-1A3956D46DE8}") = "Task0", "Task0", "{B7439FA6-B649-4BFE-9709-F9CB1FD6AA2E}"
EndProject
Project("{FAE04EC0-301F-11D3-BF4B-00C04F79EFBC}") = "Tyuiu.KhramovNA.Sprint0.Task0.V0", "Tyuiu.KhramovNA.Sprint0.Task0.V0\Tyuiu.KhramovNA.Sprint0.Task0.V0.csproj", "{9E769EAE-8E83-4F92-A47C-560E9648052B}"
EndProject
Project("{2150E333-8FDC-42A3-9474-1A3956D46DE8}") = "Task1", "Task1", "{976DCD3D-4FB3-4D8C-A8F3-DDC970347004}"
EndProject
Project("{FAE04EC0-301F-11D3-BF4B-00C04F79EFBC}") = "Tyuiu.KhramovNA.Sprint0.Task1.V0", "Tyuiu.KhramovNA.Sprint0.Task1.V0\Tyuiu.KhramovNA.Sprint0.Task1.V0.csproj", "{7B86EE61-D7DB-40D3-A9AC-C298E44D0C54}"
EndProject
Project("{2150E333-8FDC-42A3-9474-1A3956D46DE8}") = "Task2", "Task2", "{67355721-8529-4E99-92D7-5BCEFF1BF40C}"
EndProject
Project("{FAE04EC0-301F-11D3-BF4B-00C04F79EFBC}") = "Tyuiu.KhramovNA.Sprint0.Task2.V0", "Tyuiu.KhramovNA.Sprint0.Task2.V0\Tyuiu.KhramovNA.Sprint0.Task2.V0.csproj", "{CCE9CE24-B0DA-4E4D-970C-55D500CBDC70}"
EndProject
Project("{FAE04EC0-301F-11D3-BF4B-00C04F79EFBC}") = "Tyuiu.KhramovNA.Sprint0.Task2.V0.Lib", "Tyuiu.KhramovNA.Sprint0.Task2.V0.Lib\Tyuiu.KhramovNA.Sprint0.Task2.V0.Lib.csproj", "{4D971FD5-B7EB-4C77-B358-4370D3901D40}"
EndProject
Project("{FAE04EC0-301F-11D3-BF4B-00C04F79EFBC}") = "Tyuiu.KhramovNA.Sprint0.Task2.V0.Test", "Tyuiu.KhramovNA.Sprint0.Task2.V0.Test\Tyuiu.KhramovNA.Sprint0.Task2.V0.Test.csproj", "{9B4476F3-6B9D-425A-9FCB-04E982701BED}"
EndProject
Project("{2150E333-8FDC-42A3-9474-1A3956D46DE8}") = "Task3", "Task3", "{CF611984-A1E5-4866-ABED-A0358D1D371B}"
EndProject
Project("{FAE04EC0-301F-11D3-BF4B-00C04F79EFBC}") = "Tyuiu.KhramovNA.Sprint0.Task3.V0", "Tyuiu.KhramovNA.Sprint0.Task3.V0\Tyuiu.KhramovNA.Sprint0.Task3.V0.csproj", "{5532037C-0BFB-46D8-9776-04CAA71303D1}"
EndProject
Project("{FAE04EC0-301F-11D3-BF4B-00C04F79EFBC}") = "Tyuiu.KhramovNA.Sprint0.Task3.V0.Lib", "Tyuiu.KhramovNA.Sprint0.Task3.V0.Lib\Tyuiu.KhramovNA.Sprint0.Task3.V0.Lib.csproj", "{7C9404E7-813F-4109-817F-ACF4340F6293}"
EndProject
Project("{FAE04EC0-301F-11D3-BF4B-00C04F79EFBC}") = "Tyuiu.KhramovNA.Sprint0.Task3.V0.Test", "Tyuiu.KhramovNA.Sprint0.Task3.V0.Test\Tyuiu.KhramovNA.Sprint0.Task3.V0.Test.csproj", "{8806C61A-94DE-4A02-BA88-5CED1E867177}"
EndProject
Project("{2150E333-8FDC-42A3-9474-1A3956D46DE8}") = "Task4", "Task4", "{23873137-E25A-4652-850E-D57A19247DD2}"
EndProject
Project("{FAE04EC0-301F-11D3-BF4B-00C04F79EFBC}") = "Tyuiu.KhramovNA.Sprint0.Task4.V0", "Tyuiu.KhramovNA.Sprint0.Task4.V0\Tyuiu.KhramovNA.Sprint0.Task4.V0.csproj", "{9916E732-83FF-4FF0-84BA-F78FD5CA4BA2}"
EndProject
Project("{FAE04EC0-301F-11D3-BF4B-00C04F79EFBC}") = "Tyuiu.KhramovNA.Sprint0.Task4.V0.Lib", "Tyuiu.KhramovNA.Sprint0.Task4.V0.Lib\Tyuiu.KhramovNA.Sprint0.Task4.V0.Lib.csproj", "{03616513-8E72-4DEA-9711-FFDC34A1DBE1}"
EndProject
Project("{FAE04EC0-301F-11D3-BF4B-00C04F79EFBC}") = "Tyuiu.KhramovNA.Sprint0.Task4.V0.Test", "Tyuiu.KhramovNA.Sprint0.Task4.V0.Test\Tyuiu.KhramovNA.Sprint0.Task4.V0.Test.csproj", "{4EA615AC-4104-46D7-951E-3135F7CC31AF}"
EndProject
Global
	GlobalSection(SolutionConfigurationPlatforms) = preSolution
		Debug|Any CPU = Debug|Any CPU
		Release|Any CPU = Release|Any CPU
	EndGlobalSection
	GlobalSection(ProjectConfigurationPlatforms) = postSolution
		{9E769EAE-8E83-4F92-A47C-560E9648052B}.Debug|Any CPU.ActiveCfg = Debug|Any CPU
		{9E769EAE-8E83-4F92-A47C-560E9648052B}.Debug|Any CPU.Build.0 = Debug|Any CPU
		{9E769EAE-8E83-4F92-A47C-560E9648052B}.Release|Any CPU.ActiveCfg = Release|Any CPU
		{9E769EAE-8E83-4F92-A47C-560E9648052B}.Release|Any CPU.Build.0 = Release|Any CPU
		{7B86EE61-D7DB-40D3-A9AC-C298E44D0C54}.Debug|Any CPU.ActiveCfg = Debug|Any CPU
		{7B86EE61-D7DB-40D3-A9AC-C298E44D0C54}.Debug|Any CPU.Build.0 = Debug|Any CPU
		{7B86EE61-D7DB-40D3-A9AC-C298E44D0C54}.Release|Any CPU.ActiveCfg = Release|Any CPU
		{7B86EE61-D7DB-40D3-A9AC-C298E44D0C54}.Release|Any CPU.Build.0 = Release|Any CPU
		{CCE9CE24-B0DA-4E4D-970C-55D500CBDC70}.Debug|Any CPU.ActiveCfg = Debug|Any CPU
		{CCE9CE24-B0DA-4E4D-970C-55D500CBDC70}.Debug|Any CPU.Build.0 = Debug|Any CPU
		{CCE9CE24-B0DA-4E4D-970C-55D500CBDC70}.Release|Any CPU.ActiveCfg = Release|Any CPU
		{CCE9CE24-B0DA-4E4D-970C-55D500CBDC70}.Release|Any CPU.Build.0 = Release|Any CPU
		{4D971FD5-B7EB-4C77-B358-4370D3901D40}.Debug|Any CPU.ActiveCfg = Debug|Any CPU
		{4D971FD5-B7EB-4C77-B358-4370D3901D40}.Debug|Any CPU.Build.0 = Debug|Any CPU
		{4D971FD5-B7EB-4C77-B358-4370D3901D40}.Release|Any CPU.ActiveCfg = Release|Any CPU
		{4D971FD5-B7EB-4C77-B358-4370D3901D40}.Release|Any CPU.Build.0 = Release|Any CPU
		{9B4476F3-6B9D-425A-9FCB-04E982701BED}.Debug|Any CPU.ActiveCfg = Debug|Any CPU
		{9B4476F3-6B9D-425A-9FCB-04E982701BED}.Debug|Any CPU.Build.0 = Debug|Any CPU
		{9B4476F3-6B9D-425A-9FCB-04E982701BED}.Release|Any CPU.ActiveCfg = Release|Any CPU
		{9B4476F3-6B9D-425A-9FCB-04E982701BED}.Release|Any CPU.Build.0 = Release|Any CPU
		{5532037C-0BFB-46D8-9776-04CAA71303D1}.Debug|Any CPU.ActiveCfg = Debug|Any CPU
		{5532037C-0BFB-46D8-9776-04CAA71303D1}.Debug|Any CPU.Build.0 = Debug|Any CPU
		{5532037C-0BFB-46D8-9776-04CAA71303D1}.Release|Any CPU.ActiveCfg = Release|Any CPU
		{5532037C-0BFB-46D8-9776-04CAA71303D1}.Release|Any CPU.Build.0 = Release|Any CPU
		{7C9404E7-813F-4109-817F-ACF4340F6293}.Debug|Any CPU.ActiveCfg = Debug|Any CPU
		{7C9404E7-813F-4109-817F-ACF4340F6293}.Debug|Any CPU.Build.0 = Debug|Any CPU
		{7C9404E7-813F-4109-817F-ACF4340F6293}.Release|Any CPU.ActiveCfg = Release|Any CPU
		{7C9404E7-813F-4109-817F-ACF4340F6293}.Release|Any CPU.Build.0 = Release|Any CPU
		{8806C61A-94DE-4A02-BA88-5CED1E867177}.Debug|Any CPU.ActiveCfg = Debug|Any CPU
		{8806C61A-94DE-4A02-BA88-5CED1E867177}.Debug|Any CPU.Build.0 = Debug|Any CPU
		{8806C61A-94DE-4A02-BA88-5CED1E867177}.Release|Any CPU.ActiveCfg = Release|Any CPU
		{8806C61A-94DE-4A02-BA88-5CED1E867177}.Release|Any CPU.Build.0 = Release|Any CPU
		{9916E732-83FF-4FF0-84BA-F78FD5CA4BA2}.Debug|Any CPU.ActiveCfg = Debug|Any CPU
		{9916E732-83FF-4FF0-84BA-F78FD5CA4BA2}.Debug|Any CPU.Build.0 = Debug|Any CPU
		{9916E732-83FF-4FF0-84BA-F78FD5CA4BA2}.Release|Any CPU.ActiveCfg = Release|Any CPU
		{9916E732-83FF-4FF0-84BA-F78FD5CA4BA2}.Release|Any CPU.Build.0 = Release|Any CPU
		{03616513-8E72-4DEA-9711-FFDC34A1DBE1}.Debug|Any CPU.ActiveCfg = Debug|Any CPU
		{03616513-8E72-4DEA-9711-FFDC34A1DBE1}.Debug|Any CPU.Build.0 = Debug|Any CPU
		{03616513-8E72-4DEA-9711-FFDC34A1DBE1}.Release|Any CPU.ActiveCfg = Release|Any CPU
		{03616513-8E72-4DEA-9711-FFDC34A1DBE1}.Release|Any CPU.Build.0 = Release|Any CPU
		{4EA615AC-4104-46D7-951E-3135F7CC31AF}.Debug|Any CPU.ActiveCfg = Debug|Any CPU
		{4EA615AC-4104-46D7-951E-3135F7CC31AF}.Debug|Any CPU.Build.0 = Debug|Any CPU
		{4EA615AC-4104-46D7-951E-3135F7CC31AF}.Release|Any CPU.ActiveCfg = Release|Any CPU
		{4EA615AC-4104-46D7-951E-3135F7CC31AF}.Release|Any CPU.Build.0 = Release|Any CPU
	EndGlobalSection
	GlobalSection(SolutionProperties) = preSolution
		HideSolutionNode = FALSE
	EndGlobalSection
	GlobalSection(NestedProjects) = preSolution
		{9E769EAE-8E83-4F92-A47C-560E9648052B} = {B7439FA6-B649-4BFE-9709-F9CB1FD6AA2E}
		{7B86EE61-D7DB-40D3-A9AC-C298E44D0C54} = {976DCD3D-4FB3-4D8C-A8F3-DDC970347004}
		{CCE9CE24-B0DA-4E4D-970C-55D500CBDC70} = {67355721-8529-4E99-92D7-5BCEFF1BF40C}
		{4D971FD5-B7EB-4C77-B358-4370D3901D40} = {67355721-8529-4E99-92D7-5BCEFF1BF40C}
		{9B4476F3-6B9D-425A-9FCB-04E982701BED} = {67355721-8529-4E99-92D7-5BCEFF1BF40C}
		{5532037C-0BFB-46D8-9776-04CAA71303D1} = {CF611984-A1E5-4866-ABED-A0358D1D371B}
		{7C9404E7-813F-4109-817F-ACF4340F6293} = {CF611984-A1E5-4866-ABED-A0358D1D371B}
		{8806C61A-94DE-4A02-BA88-5CED1E867177} = {CF611984-A1E5-4866-ABED-A0358D1D371B}
		{9916E732-83FF-4FF0-84BA-F78FD5CA4BA2} = {23873137-E25A-4652-850E-D57A19247DD2}
		{03616513-8E72-4DEA-9711-FFDC34A1DBE1} = {23873137-E25A-4652-850E-D57A19247DD2}
		{4EA615AC-4104-46D7-951E-3135F7CC31AF} = {23873137-E25A-4652-850E-D57A19247DD2}
	EndGlobalSection
	GlobalSection(ExtensibilityGlobals) = postSolution
		SolutionGuid = {DC76B717-6593-48FD-AE02-CDDFE2BB8B7B}
	EndGlobalSection
EndGlobal
